
Microsoft Visual Studio Solution File, Format Version 12.00
Project("{FAE04EC0-301F-11D3-BF4B-00C04F79EFBC}") = "GraphQLDemo.API", "GraphQLDemo.API.csproj", "{F029DC26-24C6-4A3E-AC68-802E65B05062}"
EndProject
Global
	GlobalSection(SolutionConfigurationPlatforms) = preSolution
		Debug|Any CPU = Debug|Any CPU
		Release|Any CPU = Release|Any CPU
	EndGlobalSection
	GlobalSection(ProjectConfigurationPlatforms) = postSolution
		{F029DC26-24C6-4A3E-AC68-802E65B05062}.Debug|Any CPU.ActiveCfg = Debug|Any CPU
		{F029DC26-24C6-4A3E-AC68-802E65B05062}.Debug|Any CPU.Build.0 = Debug|Any CPU
		{F029DC26-24C6-4A3E-AC68-802E65B05062}.Release|Any CPU.ActiveCfg = Release|Any CPU
		{F029DC26-24C6-4A3E-AC68-802E65B05062}.Release|Any CPU.Build.0 = Release|Any CPU
	EndGlobalSection
EndGlobal
